# This file was autogenerated by Stack.
# You should not edit this file by hand.
# For more information, please see the documentation at:
#   https://docs.haskellstack.org/en/stable/lock_files

packages:
- completed:
    cabal-file:
      size: 2076
      sha256: 7c7259bfde13de6c82e636fccb5091a12160d4bf3c8b5752744c7a2a0d06be16
    name: gdp
    version: 0.0.1.0
    git: https://github.com/brnzhg/gdp.git
    pantry-tree:
      size: 1070
      sha256: 72900d062ef25b1cfe56742994f6d68dced525ef482954c69dcf9debd6bf5fde
    commit: 9a587d55ca7a291ca98dbe94ee3a0695bb3cac76
  original:
    git: https://github.com/brnzhg/gdp.git
    commit: 9a587d55ca7a291ca98dbe94ee3a0695bb3cac76
snapshots:
- completed:
    size: 504771
    url: https://raw.githubusercontent.com/commercialhaskell/stackage-snapshots/master/lts/12/14.yaml
    sha256: 3cbd6c83316dd5e2bbc756dc7a2a4e31a31859c3f8b5c720efb6850b08e42649
  original: lts-12.14
